
Microsoft Visual Studio Solution File, Format Version 12.00
# Visual Studio 15
VisualStudioVersion = 15.0.27428.2043
MinimumVisualStudioVersion = 10.0.40219.1
Project("{888888A0-9F3D-457C-B088-3A5042F75D52}") = "Python", "GetSentimentExample\Python.pyproj", "{08BBB5D5-184A-46DF-9E6C-66311DCA10AA}"
EndProject
Project("{2150E333-8FDC-42A3-9474-1A3956D46DE8}") = "Solution Items", "Solution Items", "{EE578853-DCF3-4316-B1E5-0FA022708165}"
	ProjectSection(SolutionItems) = preProject
		Performance1.psess = Performance1.psess
		TrainModelRealtimeScoring.sql = TrainModelRealtimeScoring.sql
	EndProjectSection
EndProject
Global
	GlobalSection(SolutionConfigurationPlatforms) = preSolution
		Debug|Any CPU = Debug|Any CPU
		Release|Any CPU = Release|Any CPU
	EndGlobalSection
	GlobalSection(ProjectConfigurationPlatforms) = postSolution
		{08BBB5D5-184A-46DF-9E6C-66311DCA10AA}.Debug|Any CPU.ActiveCfg = Debug|Any CPU
		{08BBB5D5-184A-46DF-9E6C-66311DCA10AA}.Release|Any CPU.ActiveCfg = Release|Any CPU
	EndGlobalSection
	GlobalSection(SolutionProperties) = preSolution
		HideSolutionNode = FALSE
	EndGlobalSection
	GlobalSection(ExtensibilityGlobals) = postSolution
		SolutionGuid = {3F588999-F50F-40EE-9FEC-71B8059597A6}
	EndGlobalSection
EndGlobal
